
Microsoft Visual Studio Solution File, Format Version 12.00
# Visual Studio Version 17
VisualStudioVersion = 17.11.35303.130
MinimumVisualStudioVersion = 10.0.40219.1
Project("{FAE04EC0-301F-11D3-BF4B-00C04F79EFBC}") = "Library_Management_System", "Library_Management_System\Library_Management_System.csproj", "{8FF76411-31D2-414A-96BF-CB688C162574}"
EndProject
Global
	GlobalSection(SolutionConfigurationPlatforms) = preSolution
		Debug|Any CPU = Debug|Any CPU
		Release|Any CPU = Release|Any CPU
	EndGlobalSection
	GlobalSection(ProjectConfigurationPlatforms) = postSolution
		{8FF76411-31D2-414A-96BF-CB688C162574}.Debug|Any CPU.ActiveCfg = Debug|Any CPU
		{8FF76411-31D2-414A-96BF-CB688C162574}.Debug|Any CPU.Build.0 = Debug|Any CPU
		{8FF76411-31D2-414A-96BF-CB688C162574}.Release|Any CPU.ActiveCfg = Release|Any CPU
		{8FF76411-31D2-414A-96BF-CB688C162574}.Release|Any CPU.Build.0 = Release|Any CPU
	EndGlobalSection
	GlobalSection(SolutionProperties) = preSolution
		HideSolutionNode = FALSE
	EndGlobalSection
	GlobalSection(ExtensibilityGlobals) = postSolution
		SolutionGuid = {D71C4C0A-0EC9-4CE6-BD65-8636E441470E}
	EndGlobalSection
EndGlobal
